// !$*UTF8*$!
{
	archiveVersion = 1;
	classes = {
	};
	objectVersion = 50;
	objects = {

/* Begin PBXBuildFile section */
		C789F30524E6042B005FB739 /* AppDelegate.swift in Sources */ = {isa = PBXBuildFile; fileRef = C789F30424E6042B005FB739 /* AppDelegate.swift */; };
		C789F30724E6042B005FB739 /* SceneDelegate.swift in Sources */ = {isa = PBXBuildFile; fileRef = C789F30624E6042B005FB739 /* SceneDelegate.swift */; };
		C789F30924E6042B005FB739 /* ContentView.swift in Sources */ = {isa = PBXBuildFile; fileRef = C789F30824E6042B005FB739 /* ContentView.swift */; };
		C789F30B24E6042E005FB739 /* Assets.xcassets in Resources */ = {isa = PBXBuildFile; fileRef = C789F30A24E6042E005FB739 /* Assets.xcassets */; };
		C789F30E24E6042E005FB739 /* Preview Assets.xcassets in Resources */ = {isa = PBXBuildFile; fileRef = C789F30D24E6042E005FB739 /* Preview Assets.xcassets */; };
		C789F31124E6042E005FB739 /* LaunchScreen.storyboard in Resources */ = {isa = PBXBuildFile; fileRef = C789F30F24E6042E005FB739 /* LaunchScreen.storyboard */; };
		C789F31C24E6042E005FB739 /* DigestibleTests.swift in Sources */ = {isa = PBXBuildFile; fileRef = C789F31B24E6042E005FB739 /* DigestibleTests.swift */; };
		C789F32724E6042E005FB739 /* DigestibleUITests.swift in Sources */ = {isa = PBXBuildFile; fileRef = C789F32624E6042E005FB739 /* DigestibleUITests.swift */; };
/* End PBXBuildFile section */

/* Begin PBXContainerItemProxy section */
		C789F31824E6042E005FB739 /* PBXContainerItemProxy */ = {
			isa = PBXContainerItemProxy;
			containerPortal = C789F2F924E6042B005FB739 /* Project object */;
			proxyType = 1;
			remoteGlobalIDString = C789F30024E6042B005FB739;
			remoteInfo = Digestible;
		};
		C789F32324E6042E005FB739 /* PBXContainerItemProxy */ = {
			isa = PBXContainerItemProxy;
			containerPortal = C789F2F924E6042B005FB739 /* Project object */;
			proxyType = 1;
			remoteGlobalIDString = C789F30024E6042B005FB739;
			remoteInfo = Digestible;
		};
/* End PBXContainerItemProxy section */

/* Begin PBXFileReference section */
		C789F30124E6042B005FB739 /* Digestible.app */ = {isa = PBXFileReference; explicitFileType = wrapper.application; includeInIndex = 0; path = Digestible.app; sourceTree = BUILT_PRODUCTS_DIR; };
		C789F30424E6042B005FB739 /* AppDelegate.swift */ = {isa = PBXFileReference; lastKnownFileType = sourcecode.swift; path = AppDelegate.swift; sourceTree = "<group>"; };
		C789F30624E6042B005FB739 /* SceneDelegate.swift */ = {isa = PBXFileReference; lastKnownFileType = sourcecode.swift; path = SceneDelegate.swift; sourceTree = "<group>"; };
		C789F30824E6042B005FB739 /* ContentView.swift */ = {isa = PBXFileReference; lastKnownFileType = sourcecode.swift; path = ContentView.swift; sourceTree = "<group>"; };
		C789F30A24E6042E005FB739 /* Assets.xcassets */ = {isa = PBXFileReference; lastKnownFileType = folder.assetcatalog; path = Assets.xcassets; sourceTree = "<group>"; };
		C789F30D24E6042E005FB739 /* Preview Assets.xcassets */ = {isa = PBXFileReference; lastKnownFileType = folder.assetcatalog; path = "Preview Assets.xcassets"; sourceTree = "<group>"; };
		C789F31024E6042E005FB739 /* Base */ = {isa = PBXFileReference; lastKnownFileType = file.storyboard; name = Base; path = Base.lproj/LaunchScreen.storyboard; sourceTree = "<group>"; };
		C789F31224E6042E005FB739 /* Info.plist */ = {isa = PBXFileReference; lastKnownFileType = text.plist.xml; path = Info.plist; sourceTree = "<group>"; };
		C789F31724E6042E005FB739 /* DigestibleTests.xctest */ = {isa = PBXFileReference; explicitFileType = wrapper.cfbundle; includeInIndex = 0; path = DigestibleTests.xctest; sourceTree = BUILT_PRODUCTS_DIR; };
		C789F31B24E6042E005FB739 /* DigestibleTests.swift */ = {isa = PBXFileReference; lastKnownFileType = sourcecode.swift; path = DigestibleTests.swift; sourceTree = "<group>"; };
		C789F31D24E6042E005FB739 /* Info.plist */ = {isa = PBXFileReference; lastKnownFileType = text.plist.xml; path = Info.plist; sourceTree = "<group>"; };
		C789F32224E6042E005FB739 /* DigestibleUITests.xctest */ = {isa = PBXFileReference; explicitFileType = wrapper.cfbundle; includeInIndex = 0; path = DigestibleUITests.xctest; sourceTree = BUILT_PRODUCTS_DIR; };
		C789F32624E6042E005FB739 /* DigestibleUITests.swift */ = {isa = PBXFileReference; lastKnownFileType = sourcecode.swift; path = DigestibleUITests.swift; sourceTree = "<group>"; };
		C789F32824E6042E005FB739 /* Info.plist */ = {isa = PBXFileReference; lastKnownFileType = text.plist.xml; path = Info.plist; sourceTree = "<group>"; };
/* End PBXFileReference section */

/* Begin PBXFrameworksBuildPhase section */
		C789F2FE24E6042B005FB739 /* Frameworks */ = {
			isa = PBXFrameworksBuildPhase;
			buildActionMask = 2147483647;
			files = (
			);
			runOnlyForDeploymentPostprocessing = 0;
		};
		C789F31424E6042E005FB739 /* Frameworks */ = {
			isa = PBXFrameworksBuildPhase;
			buildActionMask = 2147483647;
			files = (
			);
			runOnlyForDeploymentPostprocessing = 0;
		};
		C789F31F24E6042E005FB739 /* Frameworks */ = {
			isa = PBXFrameworksBuildPhase;
			buildActionMask = 2147483647;
			files = (
			);
			runOnlyForDeploymentPostprocessing = 0;
		};
/* End PBXFrameworksBuildPhase section */

/* Begin PBXGroup section */
		C789F2F824E6042B005FB739 = {
			isa = PBXGroup;
			children = (
				C789F30324E6042B005FB739 /* Digestible */,
				C789F31A24E6042E005FB739 /* DigestibleTests */,
				C789F32524E6042E005FB739 /* DigestibleUITests */,
				C789F30224E6042B005FB739 /* Products */,
			);
			sourceTree = "<group>";
		};
		C789F30224E6042B005FB739 /* Products */ = {
			isa = PBXGroup;
			children = (
				C789F30124E6042B005FB739 /* Digestible.app */,
				C789F31724E6042E005FB739 /* DigestibleTests.xctest */,
				C789F32224E6042E005FB739 /* DigestibleUITests.xctest */,
			);
			name = Products;
			sourceTree = "<group>";
		};
		C789F30324E6042B005FB739 /* Digestible */ = {
			isa = PBXGroup;
			children = (
				C789F30424E6042B005FB739 /* AppDelegate.swift */,
				C789F30624E6042B005FB739 /* SceneDelegate.swift */,
				C789F30824E6042B005FB739 /* ContentView.swift */,
				C789F30A24E6042E005FB739 /* Assets.xcassets */,
				C789F30F24E6042E005FB739 /* LaunchScreen.storyboard */,
				C789F31224E6042E005FB739 /* Info.plist */,
				C789F30C24E6042E005FB739 /* Preview Content */,
			);
			path = Digestible;
			sourceTree = "<group>";
		};
		C789F30C24E6042E005FB739 /* Preview Content */ = {
			isa = PBXGroup;
			children = (
				C789F30D24E6042E005FB739 /* Preview Assets.xcassets */,
			);
			path = "Preview Content";
			sourceTree = "<group>";
		};
		C789F31A24E6042E005FB739 /* DigestibleTests */ = {
			isa = PBXGroup;
			children = (
				C789F31B24E6042E005FB739 /* DigestibleTests.swift */,
				C789F31D24E6042E005FB739 /* Info.plist */,
			);
			path = DigestibleTests;
			sourceTree = "<group>";
		};
		C789F32524E6042E005FB739 /* DigestibleUITests */ = {
			isa = PBXGroup;
			children = (
				C789F32624E6042E005FB739 /* DigestibleUITests.swift */,
				C789F32824E6042E005FB739 /* Info.plist */,
			);
			path = DigestibleUITests;
			sourceTree = "<group>";
		};
/* End PBXGroup section */

/* Begin PBXNativeTarget section */
		C789F30024E6042B005FB739 /* Digestible */ = {
			isa = PBXNativeTarget;
			buildConfigurationList = C789F32B24E6042E005FB739 /* Build configuration list for PBXNativeTarget "Digestible" */;
			buildPhases = (
				C789F2FD24E6042B005FB739 /* Sources */,
				C789F2FE24E6042B005FB739 /* Frameworks */,
				C789F2FF24E6042B005FB739 /* Resources */,
			);
			buildRules = (
			);
			dependencies = (
			);
			name = Digestible;
			productName = Digestible;
			productReference = C789F30124E6042B005FB739 /* Digestible.app */;
			productType = "com.apple.product-type.application";
		};
		C789F31624E6042E005FB739 /* DigestibleTests */ = {
			isa = PBXNativeTarget;
			buildConfigurationList = C789F32E24E6042E005FB739 /* Build configuration list for PBXNativeTarget "DigestibleTests" */;
			buildPhases = (
				C789F31324E6042E005FB739 /* Sources */,
				C789F31424E6042E005FB739 /* Frameworks */,
				C789F31524E6042E005FB739 /* Resources */,
			);
			buildRules = (
			);
			dependencies = (
				C789F31924E6042E005FB739 /* PBXTargetDependency */,
			);
			name = DigestibleTests;
			productName = DigestibleTests;
			productReference = C789F31724E6042E005FB739 /* DigestibleTests.xctest */;
			productType = "com.apple.product-type.bundle.unit-test";
		};
		C789F32124E6042E005FB739 /* DigestibleUITests */ = {
			isa = PBXNativeTarget;
			buildConfigurationList = C789F33124E6042E005FB739 /* Build configuration list for PBXNativeTarget "DigestibleUITests" */;
			buildPhases = (
				C789F31E24E6042E005FB739 /* Sources */,
				C789F31F24E6042E005FB739 /* Frameworks */,
				C789F32024E6042E005FB739 /* Resources */,
			);
			buildRules = (
			);
			dependencies = (
				C789F32424E6042E005FB739 /* PBXTargetDependency */,
			);
			name = DigestibleUITests;
			productName = DigestibleUITests;
			productReference = C789F32224E6042E005FB739 /* DigestibleUITests.xctest */;
			productType = "com.apple.product-type.bundle.ui-testing";
		};
/* End PBXNativeTarget section */

/* Begin PBXProject section */
		C789F2F924E6042B005FB739 /* Project object */ = {
			isa = PBXProject;
			attributes = {
				LastSwiftUpdateCheck = 1160;
				LastUpgradeCheck = 1160;
				ORGANIZATIONNAME = DigestLabs;
				TargetAttributes = {
					C789F30024E6042B005FB739 = {
						CreatedOnToolsVersion = 11.6;
					};
					C789F31624E6042E005FB739 = {
						CreatedOnToolsVersion = 11.6;
						TestTargetID = C789F30024E6042B005FB739;
					};
					C789F32124E6042E005FB739 = {
						CreatedOnToolsVersion = 11.6;
						TestTargetID = C789F30024E6042B005FB739;
					};
				};
			};
			buildConfigurationList = C789F2FC24E6042B005FB739 /* Build configuration list for PBXProject "Digestible" */;
			compatibilityVersion = "Xcode 9.3";
			developmentRegion = en;
			hasScannedForEncodings = 0;
			knownRegions = (
				en,
				Base,
			);
			mainGroup = C789F2F824E6042B005FB739;
			productRefGroup = C789F30224E6042B005FB739 /* Products */;
			projectDirPath = "";
			projectRoot = "";
			targets = (
				C789F30024E6042B005FB739 /* Digestible */,
				C789F31624E6042E005FB739 /* DigestibleTests */,
				C789F32124E6042E005FB739 /* DigestibleUITests */,
			);
		};
/* End PBXProject section */

/* Begin PBXResourcesBuildPhase section */
		C789F2FF24E6042B005FB739 /* Resources */ = {
			isa = PBXResourcesBuildPhase;
			buildActionMask = 2147483647;
			files = (
				C789F31124E6042E005FB739 /* LaunchScreen.storyboard in Resources */,
				C789F30E24E6042E005FB739 /* Preview Assets.xcassets in Resources */,
				C789F30B24E6042E005FB739 /* Assets.xcassets in Resources */,
			);
			runOnlyForDeploymentPostprocessing = 0;
		};
		C789F31524E6042E005FB739 /* Resources */ = {
			isa = PBXResourcesBuildPhase;
			buildActionMask = 2147483647;
			files = (
			);
			runOnlyForDeploymentPostprocessing = 0;
		};
		C789F32024E6042E005FB739 /* Resources */ = {
			isa = PBXResourcesBuildPhase;
			buildActionMask = 2147483647;
			files = (
			);
			runOnlyForDeploymentPostprocessing = 0;
		};
/* End PBXResourcesBuildPhase section */

/* Begin PBXSourcesBuildPhase section */
		C789F2FD24E6042B005FB739 /* Sources */ = {
			isa = PBXSourcesBuildPhase;
			buildActionMask = 2147483647;
			files = (
				C789F30524E6042B005FB739 /* AppDelegate.swift in Sources */,
				C789F30724E6042B005FB739 /* SceneDelegate.swift in Sources */,
				C789F30924E6042B005FB739 /* ContentView.swift in Sources */,
			);
			runOnlyForDeploymentPostprocessing = 0;
		};
		C789F31324E6042E005FB739 /* Sources */ = {
			isa = PBXSourcesBuildPhase;
			buildActionMask = 2147483647;
			files = (
				C789F31C24E6042E005FB739 /* DigestibleTests.swift in Sources */,
			);
			runOnlyForDeploymentPostprocessing = 0;
		};
		C789F31E24E6042E005FB739 /* Sources */ = {
			isa = PBXSourcesBuildPhase;
			buildActionMask = 2147483647;
			files = (
				C789F32724E6042E005FB739 /* DigestibleUITests.swift in Sources */,
			);
			runOnlyForDeploymentPostprocessing = 0;
		};
/* End PBXSourcesBuildPhase section */

/* Begin PBXTargetDependency section */
		C789F31924E6042E005FB739 /* PBXTargetDependency */ = {
			isa = PBXTargetDependency;
			target = C789F30024E6042B005FB739 /* Digestible */;
			targetProxy = C789F31824E6042E005FB739 /* PBXContainerItemProxy */;
		};
		C789F32424E6042E005FB739 /* PBXTargetDependency */ = {
			isa = PBXTargetDependency;
			target = C789F30024E6042B005FB739 /* Digestible */;
			targetProxy = C789F32324E6042E005FB739 /* PBXContainerItemProxy */;
		};
/* End PBXTargetDependency section */

/* Begin PBXVariantGroup section */
		C789F30F24E6042E005FB739 /* LaunchScreen.storyboard */ = {
			isa = PBXVariantGroup;
			children = (
				C789F31024E6042E005FB739 /* Base */,
			);
			name = LaunchScreen.storyboard;
			sourceTree = "<group>";
		};
/* End PBXVariantGroup section */

/* Begin XCBuildConfiguration section */
		C789F32924E6042E005FB739 /* Debug */ = {
			isa = XCBuildConfiguration;
			buildSettings = {
				ALWAYS_SEARCH_USER_PATHS = NO;
				CLANG_ANALYZER_NONNULL = YES;
				CLANG_ANALYZER_NUMBER_OBJECT_CONVERSION = YES_AGGRESSIVE;
				CLANG_CXX_LANGUAGE_STANDARD = "gnu++14";
				CLANG_CXX_LIBRARY = "libc++";
				CLANG_ENABLE_MODULES = YES;
				CLANG_ENABLE_OBJC_ARC = YES;
				CLANG_ENABLE_OBJC_WEAK = YES;
				CLANG_WARN_BLOCK_CAPTURE_AUTORELEASING = YES;
				CLANG_WARN_BOOL_CONVERSION = YES;
				CLANG_WARN_COMMA = YES;
				CLANG_WARN_CONSTANT_CONVERSION = YES;
				CLANG_WARN_DEPRECATED_OBJC_IMPLEMENTATIONS = YES;
				CLANG_WARN_DIRECT_OBJC_ISA_USAGE = YES_ERROR;
				CLANG_WARN_DOCUMENTATION_COMMENTS = YES;
				CLANG_WARN_EMPTY_BODY = YES;
				CLANG_WARN_ENUM_CONVERSION = YES;
				CLANG_WARN_INFINITE_RECURSION = YES;
				CLANG_WARN_INT_CONVERSION = YES;
				CLANG_WARN_NON_LITERAL_NULL_CONVERSION = YES;
				CLANG_WARN_OBJC_IMPLICIT_RETAIN_SELF = YES;
				CLANG_WARN_OBJC_LITERAL_CONVERSION = YES;
				CLANG_WARN_OBJC_ROOT_CLASS = YES_ERROR;
				CLANG_WARN_RANGE_LOOP_ANALYSIS = YES;
				CLANG_WARN_STRICT_PROTOTYPES = YES;
				CLANG_WARN_SUSPICIOUS_MOVE = YES;
				CLANG_WARN_UNGUARDED_AVAILABILITY = YES_AGGRESSIVE;
				CLANG_WARN_UNREACHABLE_CODE = YES;
				CLANG_WARN__DUPLICATE_METHOD_MATCH = YES;
				COPY_PHASE_STRIP = NO;
				DEBUG_INFORMATION_FORMAT = dwarf;
				ENABLE_STRICT_OBJC_MSGSEND = YES;
				ENABLE_TESTABILITY = YES;
				GCC_C_LANGUAGE_STANDARD = gnu11;
				GCC_DYNAMIC_NO_PIC = NO;
				GCC_NO_COMMON_BLOCKS = YES;
				GCC_OPTIMIZATION_LEVEL = 0;
				GCC_PREPROCESSOR_DEFINITIONS = (
					"DEBUG=1",
					"$(inherited)",
				);
				GCC_WARN_64_TO_32_BIT_CONVERSION = YES;
				GCC_WARN_ABOUT_RETURN_TYPE = YES_ERROR;
				GCC_WARN_UNDECLARED_SELECTOR = YES;
				GCC_WARN_UNINITIALIZED_AUTOS = YES_AGGRESSIVE;
				GCC_WARN_UNUSED_FUNCTION = YES;
				GCC_WARN_UNUSED_VARIABLE = YES;
				IPHONEOS_DEPLOYMENT_TARGET = 13.6;
				MTL_ENABLE_DEBUG_INFO = INCLUDE_SOURCE;
				MTL_FAST_MATH = YES;
				ONLY_ACTIVE_ARCH = YES;
				SDKROOT = iphoneos;
				SWIFT_ACTIVE_COMPILATION_CONDITIONS = DEBUG;
				SWIFT_OPTIMIZATION_LEVEL = "-Onone";
			};
			name = Debug;
		};
		C789F32A24E6042E005FB739 /* Release */ = {
			isa = XCBuildConfiguration;
			buildSettings = {
				ALWAYS_SEARCH_USER_PATHS = NO;
				CLANG_ANALYZER_NONNULL = YES;
				CLANG_ANALYZER_NUMBER_OBJECT_CONVERSION = YES_AGGRESSIVE;
				CLANG_CXX_LANGUAGE_STANDARD = "gnu++14";
				CLANG_CXX_LIBRARY = "libc++";
				CLANG_ENABLE_MODULES = YES;
				CLANG_ENABLE_OBJC_ARC = YES;
				CLANG_ENABLE_OBJC_WEAK = YES;
				CLANG_WARN_BLOCK_CAPTURE_AUTORELEASING = YES;
				CLANG_WARN_BOOL_CONVERSION = YES;
				CLANG_WARN_COMMA = YES;
				CLANG_WARN_CONSTANT_CONVERSION = YES;
				CLANG_WARN_DEPRECATED_OBJC_IMPLEMENTATIONS = YES;
				CLANG_WARN_DIRECT_OBJC_ISA_USAGE = YES_ERROR;
				CLANG_WARN_DOCUMENTATION_COMMENTS = YES;
				CLANG_WARN_EMPTY_BODY = YES;
				CLANG_WARN_ENUM_CONVERSION = YES;
				CLANG_WARN_INFINITE_RECURSION = YES;
				CLANG_WARN_INT_CONVERSION = YES;
				CLANG_WARN_NON_LITERAL_NULL_CONVERSION = YES;
				CLANG_WARN_OBJC_IMPLICIT_RETAIN_SELF = YES;
				CLANG_WARN_OBJC_LITERAL_CONVERSION = YES;
				CLANG_WARN_OBJC_ROOT_CLASS = YES_ERROR;
				CLANG_WARN_RANGE_LOOP_ANALYSIS = YES;
				CLANG_WARN_STRICT_PROTOTYPES = YES;
				CLANG_WARN_SUSPICIOUS_MOVE = YES;
				CLANG_WARN_UNGUARDED_AVAILABILITY = YES_AGGRESSIVE;
				CLANG_WARN_UNREACHABLE_CODE = YES;
				CLANG_WARN__DUPLICATE_METHOD_MATCH = YES;
				COPY_PHASE_STRIP = NO;
				DEBUG_INFORMATION_FORMAT = "dwarf-with-dsym";
				ENABLE_NS_ASSERTIONS = NO;
				ENABLE_STRICT_OBJC_MSGSEND = YES;
				GCC_C_LANGUAGE_STANDARD = gnu11;
				GCC_NO_COMMON_BLOCKS = YES;
				GCC_WARN_64_TO_32_BIT_CONVERSION = YES;
				GCC_WARN_ABOUT_RETURN_TYPE = YES_ERROR;
				GCC_WARN_UNDECLARED_SELECTOR = YES;
				GCC_WARN_UNINITIALIZED_AUTOS = YES_AGGRESSIVE;
				GCC_WARN_UNUSED_FUNCTION = YES;
				GCC_WARN_UNUSED_VARIABLE = YES;
				IPHONEOS_DEPLOYMENT_TARGET = 13.6;
				MTL_ENABLE_DEBUG_INFO = NO;
				MTL_FAST_MATH = YES;
				SDKROOT = iphoneos;
				SWIFT_COMPILATION_MODE = wholemodule;
				SWIFT_OPTIMIZATION_LEVEL = "-O";
				VALIDATE_PRODUCT = YES;
			};
			name = Release;
		};
		C789F32C24E6042E005FB739 /* Debug */ = {
			isa = XCBuildConfiguration;
			buildSettings = {
				ASSETCATALOG_COMPILER_APPICON_NAME = AppIcon;
				CODE_SIGN_STYLE = Automatic;
				DEVELOPMENT_ASSET_PATHS = "\"Digestible/Preview Content\"";
				ENABLE_PREVIEWS = YES;
				INFOPLIST_FILE = Digestible/Info.plist;
				LD_RUNPATH_SEARCH_PATHS = (
					"$(inherited)",
					"@executable_path/Frameworks",
				);
				PRODUCT_BUNDLE_IDENTIFIER = com.DigestLabs.Digestible;
				PRODUCT_NAME = "$(TARGET_NAME)";
				SWIFT_VERSION = 5.0;
				TARGETED_DEVICE_FAMILY = "1,2";
			};
			name = Debug;
		};
		C789F32D24E6042E005FB739 /* Release */ = {
			isa = XCBuildConfiguration;
			buildSettings = {
				ASSETCATALOG_COMPILER_APPICON_NAME = AppIcon;
				CODE_SIGN_STYLE = Automatic;
				DEVELOPMENT_ASSET_PATHS = "\"Digestible/Preview Content\"";
				ENABLE_PREVIEWS = YES;
				INFOPLIST_FILE = Digestible/Info.plist;
				LD_RUNPATH_SEARCH_PATHS = (
					"$(inherited)",
					"@executable_path/Frameworks",
				);
				PRODUCT_BUNDLE_IDENTIFIER = com.DigestLabs.Digestible;
				PRODUCT_NAME = "$(TARGET_NAME)";
				SWIFT_VERSION = 5.0;
				TARGETED_DEVICE_FAMILY = "1,2";
			};
			name = Release;
		};
		C789F32F24E6042E005FB739 /* Debug */ = {
			isa = XCBuildConfiguration;
			buildSettings = {
				ALWAYS_EMBED_SWIFT_STANDARD_LIBRARIES = YES;
				BUNDLE_LOADER = "$(TEST_HOST)";
				CODE_SIGN_STYLE = Automatic;
				INFOPLIST_FILE = DigestibleTests/Info.plist;
				IPHONEOS_DEPLOYMENT_TARGET = 13.6;
				LD_RUNPATH_SEARCH_PATHS = (
					"$(inherited)",
					"@executable_path/Frameworks",
					"@loader_path/Frameworks",
				);
				PRODUCT_BUNDLE_IDENTIFIER = com.DigestLabs.DigestibleTests;
				PRODUCT_NAME = "$(TARGET_NAME)";
				SWIFT_VERSION = 5.0;
				TARGETED_DEVICE_FAMILY = "1,2";
				TEST_HOST = "$(BUILT_PRODUCTS_DIR)/Digestible.app/Digestible";
			};
			name = Debug;
		};
		C789F33024E6042E005FB739 /* Release */ = {
			isa = XCBuildConfiguration;
			buildSettings = {
				ALWAYS_EMBED_SWIFT_STANDARD_LIBRARIES = YES;
				BUNDLE_LOADER = "$(TEST_HOST)";
				CODE_SIGN_STYLE = Automatic;
				INFOPLIST_FILE = DigestibleTests/Info.plist;
				IPHONEOS_DEPLOYMENT_TARGET = 13.6;
				LD_RUNPATH_SEARCH_PATHS = (
					"$(inherited)",
					"@executable_path/Frameworks",
					"@loader_path/Frameworks",
				);
				PRODUCT_BUNDLE_IDENTIFIER = com.DigestLabs.DigestibleTests;
				PRODUCT_NAME = "$(TARGET_NAME)";
				SWIFT_VERSION = 5.0;
				TARGETED_DEVICE_FAMILY = "1,2";
				TEST_HOST = "$(BUILT_PRODUCTS_DIR)/Digestible.app/Digestible";
			};
			name = Release;
		};
		C789F33224E6042E005FB739 /* Debug */ = {
			isa = XCBuildConfiguration;
			buildSettings = {
				ALWAYS_EMBED_SWIFT_STANDARD_LIBRARIES = YES;
				CODE_SIGN_STYLE = Automatic;
				INFOPLIST_FILE = DigestibleUITests/Info.plist;
				LD_RUNPATH_SEARCH_PATHS = (
					"$(inherited)",
					"@executable_path/Frameworks",
					"@loader_path/Frameworks",
				);
				PRODUCT_BUNDLE_IDENTIFIER = com.DigestLabs.DigestibleUITests;
				PRODUCT_NAME = "$(TARGET_NAME)";
				SWIFT_VERSION = 5.0;
				TARGETED_DEVICE_FAMILY = "1,2";
				TEST_TARGET_NAME = Digestible;
			};
			name = Debug;
		};
		C789F33324E6042E005FB739 /* Release */ = {
			isa = XCBuildConfiguration;
			buildSettings = {
				ALWAYS_EMBED_SWIFT_STANDARD_LIBRARIES = YES;
				CODE_SIGN_STYLE = Automatic;
				INFOPLIST_FILE = DigestibleUITests/Info.plist;
				LD_RUNPATH_SEARCH_PATHS = (
					"$(inherited)",
					"@executable_path/Frameworks",
					"@loader_path/Frameworks",
				);
				PRODUCT_BUNDLE_IDENTIFIER = com.DigestLabs.DigestibleUITests;
				PRODUCT_NAME = "$(TARGET_NAME)";
				SWIFT_VERSION = 5.0;
				TARGETED_DEVICE_FAMILY = "1,2";
				TEST_TARGET_NAME = Digestible;
			};
			name = Release;
		};
/* End XCBuildConfiguration section */

/* Begin XCConfigurationList section */
		C789F2FC24E6042B005FB739 /* Build configuration list for PBXProject "Digestible" */ = {
			isa = XCConfigurationList;
			buildConfigurations = (
				C789F32924E6042E005FB739 /* Debug */,
				C789F32A24E6042E005FB739 /* Release */,
			);
			defaultConfigurationIsVisible = 0;
			defaultConfigurationName = Release;
		};
		C789F32B24E6042E005FB739 /* Build configuration list for PBXNativeTarget "Digestible" */ = {
			isa = XCConfigurationList;
			buildConfigurations = (
				C789F32C24E6042E005FB739 /* Debug */,
				C789F32D24E6042E005FB739 /* Release */,
			);
			defaultConfigurationIsVisible = 0;
			defaultConfigurationName = Release;
		};
		C789F32E24E6042E005FB739 /* Build configuration list for PBXNativeTarget "DigestibleTests" */ = {
			isa = XCConfigurationList;
			buildConfigurations = (
				C789F32F24E6042E005FB739 /* Debug */,
				C789F33024E6042E005FB739 /* Release */,
			);
			defaultConfigurationIsVisible = 0;
			defaultConfigurationName = Release;
		};
		C789F33124E6042E005FB739 /* Build configuration list for PBXNativeTarget "DigestibleUITests" */ = {
			isa = XCConfigurationList;
			buildConfigurations = (
				C789F33224E6042E005FB739 /* Debug */,
				C789F33324E6042E005FB739 /* Release */,
			);
			defaultConfigurationIsVisible = 0;
			defaultConfigurationName = Release;
		};
/* End XCConfigurationList section */
	};
	rootObject = C789F2F924E6042B005FB739 /* Project object */;
}
