// !$*UTF8*$!
{
	archiveVersion = 1;
	classes = {
	};
	objectVersion = 50;
	objects = {

/* Begin PBXBuildFile section */
		C71209F524EEE7310058CBED /* CardView.swift in Sources */ = {isa = PBXBuildFile; fileRef = C71209F424EEE7310058CBED /* CardView.swift */; };
		C71209F724EEE8800058CBED /* Card.swift in Sources */ = {isa = PBXBuildFile; fileRef = C71209F624EEE8800058CBED /* Card.swift */; };
		C71209F924EF053D0058CBED /* ImageContainer.swift in Sources */ = {isa = PBXBuildFile; fileRef = C71209F824EF053D0058CBED /* ImageContainer.swift */; };
		C71209FB24EF05550058CBED /* PageView.swift in Sources */ = {isa = PBXBuildFile; fileRef = C71209FA24EF05550058CBED /* PageView.swift */; };
		C71209FD24EF05670058CBED /* PageViewController.swift in Sources */ = {isa = PBXBuildFile; fileRef = C71209FC24EF05670058CBED /* PageViewController.swift */; };
		C71209FF24EF057A0058CBED /* PageControl.swift in Sources */ = {isa = PBXBuildFile; fileRef = C71209FE24EF057A0058CBED /* PageControl.swift */; };
		C7120A0124EF05920058CBED /* ArticleContainer.swift in Sources */ = {isa = PBXBuildFile; fileRef = C7120A0024EF05920058CBED /* ArticleContainer.swift */; };
		C74156FF24EC592400F8D993 /* ZCardView.swift in Sources */ = {isa = PBXBuildFile; fileRef = C74156FE24EC592400F8D993 /* ZCardView.swift */; };
		C7A3F46E24E714A700AE233A /* AppDelegate.swift in Sources */ = {isa = PBXBuildFile; fileRef = C7A3F46D24E714A700AE233A /* AppDelegate.swift */; };
		C7A3F47024E714A700AE233A /* SceneDelegate.swift in Sources */ = {isa = PBXBuildFile; fileRef = C7A3F46F24E714A700AE233A /* SceneDelegate.swift */; };
		C7A3F47324E714A700AE233A /* DigestibleApp.xcdatamodeld in Sources */ = {isa = PBXBuildFile; fileRef = C7A3F47124E714A700AE233A /* DigestibleApp.xcdatamodeld */; };
		C7A3F47524E714A700AE233A /* ContentView.swift in Sources */ = {isa = PBXBuildFile; fileRef = C7A3F47424E714A700AE233A /* ContentView.swift */; };
		C7A3F47724E714AC00AE233A /* Assets.xcassets in Resources */ = {isa = PBXBuildFile; fileRef = C7A3F47624E714AC00AE233A /* Assets.xcassets */; };
		C7A3F47A24E714AC00AE233A /* Preview Assets.xcassets in Resources */ = {isa = PBXBuildFile; fileRef = C7A3F47924E714AC00AE233A /* Preview Assets.xcassets */; };
		C7A3F47D24E714AC00AE233A /* LaunchScreen.storyboard in Resources */ = {isa = PBXBuildFile; fileRef = C7A3F47B24E714AC00AE233A /* LaunchScreen.storyboard */; };
		C7A3F48824E714AC00AE233A /* DigestibleAppTests.swift in Sources */ = {isa = PBXBuildFile; fileRef = C7A3F48724E714AC00AE233A /* DigestibleAppTests.swift */; };
		C7A3F49324E714AC00AE233A /* DigestibleAppUITests.swift in Sources */ = {isa = PBXBuildFile; fileRef = C7A3F49224E714AC00AE233A /* DigestibleAppUITests.swift */; };
		C7C1C54324EE12BE002E4840 /* ContributionView.swift in Sources */ = {isa = PBXBuildFile; fileRef = C7C1C54224EE12BE002E4840 /* ContributionView.swift */; };
		C7C1C54524EE2BB4002E4840 /* ProfileView.swift in Sources */ = {isa = PBXBuildFile; fileRef = C7C1C54424EE2BB4002E4840 /* ProfileView.swift */; };
/* End PBXBuildFile section */

/* Begin PBXContainerItemProxy section */
		C7A3F48424E714AC00AE233A /* PBXContainerItemProxy */ = {
			isa = PBXContainerItemProxy;
			containerPortal = C7A3F46224E714A700AE233A /* Project object */;
			proxyType = 1;
			remoteGlobalIDString = C7A3F46924E714A700AE233A;
			remoteInfo = DigestibleApp;
		};
		C7A3F48F24E714AC00AE233A /* PBXContainerItemProxy */ = {
			isa = PBXContainerItemProxy;
			containerPortal = C7A3F46224E714A700AE233A /* Project object */;
			proxyType = 1;
			remoteGlobalIDString = C7A3F46924E714A700AE233A;
			remoteInfo = DigestibleApp;
		};
/* End PBXContainerItemProxy section */

/* Begin PBXFileReference section */
		C71209F424EEE7310058CBED /* CardView.swift */ = {isa = PBXFileReference; lastKnownFileType = sourcecode.swift; path = CardView.swift; sourceTree = "<group>"; };
		C71209F624EEE8800058CBED /* Card.swift */ = {isa = PBXFileReference; lastKnownFileType = sourcecode.swift; path = Card.swift; sourceTree = "<group>"; };
		C71209F824EF053D0058CBED /* ImageContainer.swift */ = {isa = PBXFileReference; fileEncoding = 4; lastKnownFileType = sourcecode.swift; name = ImageContainer.swift; path = "../../../../Desktop/ProjectDigestible-master/Digestible/Digestible/ImageContainer.swift"; sourceTree = "<group>"; };
		C71209FA24EF05550058CBED /* PageView.swift */ = {isa = PBXFileReference; fileEncoding = 4; lastKnownFileType = sourcecode.swift; name = PageView.swift; path = "../../../../Desktop/ProjectDigestible-master/Digestible/Digestible/PageView.swift"; sourceTree = "<group>"; };
		C71209FC24EF05670058CBED /* PageViewController.swift */ = {isa = PBXFileReference; fileEncoding = 4; lastKnownFileType = sourcecode.swift; name = PageViewController.swift; path = "../../../../Desktop/ProjectDigestible-master/Digestible/Digestible/PageViewController.swift"; sourceTree = "<group>"; };
		C71209FE24EF057A0058CBED /* PageControl.swift */ = {isa = PBXFileReference; fileEncoding = 4; lastKnownFileType = sourcecode.swift; name = PageControl.swift; path = "../../../../Desktop/ProjectDigestible-master/Digestible/Digestible/PageControl.swift"; sourceTree = "<group>"; };
		C7120A0024EF05920058CBED /* ArticleContainer.swift */ = {isa = PBXFileReference; fileEncoding = 4; lastKnownFileType = sourcecode.swift; name = ArticleContainer.swift; path = "../../../../Desktop/ProjectDigestible-master/Digestible/Digestible/ArticleContainer.swift"; sourceTree = "<group>"; };
		C74156FE24EC592400F8D993 /* ZCardView.swift */ = {isa = PBXFileReference; lastKnownFileType = sourcecode.swift; path = ZCardView.swift; sourceTree = "<group>"; };
		C7A3F46A24E714A700AE233A /* DigestibleApp.app */ = {isa = PBXFileReference; explicitFileType = wrapper.application; includeInIndex = 0; path = DigestibleApp.app; sourceTree = BUILT_PRODUCTS_DIR; };
		C7A3F46D24E714A700AE233A /* AppDelegate.swift */ = {isa = PBXFileReference; lastKnownFileType = sourcecode.swift; path = AppDelegate.swift; sourceTree = "<group>"; };
		C7A3F46F24E714A700AE233A /* SceneDelegate.swift */ = {isa = PBXFileReference; lastKnownFileType = sourcecode.swift; path = SceneDelegate.swift; sourceTree = "<group>"; };
		C7A3F47224E714A700AE233A /* DigestibleApp.xcdatamodel */ = {isa = PBXFileReference; lastKnownFileType = wrapper.xcdatamodel; path = DigestibleApp.xcdatamodel; sourceTree = "<group>"; };
		C7A3F47424E714A700AE233A /* ContentView.swift */ = {isa = PBXFileReference; lastKnownFileType = sourcecode.swift; path = ContentView.swift; sourceTree = "<group>"; };
		C7A3F47624E714AC00AE233A /* Assets.xcassets */ = {isa = PBXFileReference; lastKnownFileType = folder.assetcatalog; path = Assets.xcassets; sourceTree = "<group>"; };
		C7A3F47924E714AC00AE233A /* Preview Assets.xcassets */ = {isa = PBXFileReference; lastKnownFileType = folder.assetcatalog; path = "Preview Assets.xcassets"; sourceTree = "<group>"; };
		C7A3F47C24E714AC00AE233A /* Base */ = {isa = PBXFileReference; lastKnownFileType = file.storyboard; name = Base; path = Base.lproj/LaunchScreen.storyboard; sourceTree = "<group>"; };
		C7A3F47E24E714AC00AE233A /* Info.plist */ = {isa = PBXFileReference; lastKnownFileType = text.plist.xml; path = Info.plist; sourceTree = "<group>"; };
		C7A3F48324E714AC00AE233A /* DigestibleAppTests.xctest */ = {isa = PBXFileReference; explicitFileType = wrapper.cfbundle; includeInIndex = 0; path = DigestibleAppTests.xctest; sourceTree = BUILT_PRODUCTS_DIR; };
		C7A3F48724E714AC00AE233A /* DigestibleAppTests.swift */ = {isa = PBXFileReference; lastKnownFileType = sourcecode.swift; path = DigestibleAppTests.swift; sourceTree = "<group>"; };
		C7A3F48924E714AC00AE233A /* Info.plist */ = {isa = PBXFileReference; lastKnownFileType = text.plist.xml; path = Info.plist; sourceTree = "<group>"; };
		C7A3F48E24E714AC00AE233A /* DigestibleAppUITests.xctest */ = {isa = PBXFileReference; explicitFileType = wrapper.cfbundle; includeInIndex = 0; path = DigestibleAppUITests.xctest; sourceTree = BUILT_PRODUCTS_DIR; };
		C7A3F49224E714AC00AE233A /* DigestibleAppUITests.swift */ = {isa = PBXFileReference; lastKnownFileType = sourcecode.swift; path = DigestibleAppUITests.swift; sourceTree = "<group>"; };
		C7A3F49424E714AC00AE233A /* Info.plist */ = {isa = PBXFileReference; lastKnownFileType = text.plist.xml; path = Info.plist; sourceTree = "<group>"; };
		C7C1C54224EE12BE002E4840 /* ContributionView.swift */ = {isa = PBXFileReference; lastKnownFileType = sourcecode.swift; path = ContributionView.swift; sourceTree = "<group>"; };
		C7C1C54424EE2BB4002E4840 /* ProfileView.swift */ = {isa = PBXFileReference; lastKnownFileType = sourcecode.swift; path = ProfileView.swift; sourceTree = "<group>"; };
/* End PBXFileReference section */

/* Begin PBXFrameworksBuildPhase section */
		C7A3F46724E714A700AE233A /* Frameworks */ = {
			isa = PBXFrameworksBuildPhase;
			buildActionMask = 2147483647;
			files = (
			);
			runOnlyForDeploymentPostprocessing = 0;
		};
		C7A3F48024E714AC00AE233A /* Frameworks */ = {
			isa = PBXFrameworksBuildPhase;
			buildActionMask = 2147483647;
			files = (
			);
			runOnlyForDeploymentPostprocessing = 0;
		};
		C7A3F48B24E714AC00AE233A /* Frameworks */ = {
			isa = PBXFrameworksBuildPhase;
			buildActionMask = 2147483647;
			files = (
			);
			runOnlyForDeploymentPostprocessing = 0;
		};
/* End PBXFrameworksBuildPhase section */

/* Begin PBXGroup section */
		C7A3F46124E714A700AE233A = {
			isa = PBXGroup;
			children = (
				C7A3F46C24E714A700AE233A /* DigestibleApp */,
				C7A3F48624E714AC00AE233A /* DigestibleAppTests */,
				C7A3F49124E714AC00AE233A /* DigestibleAppUITests */,
				C7A3F46B24E714A700AE233A /* Products */,
			);
			sourceTree = "<group>";
		};
		C7A3F46B24E714A700AE233A /* Products */ = {
			isa = PBXGroup;
			children = (
				C7A3F46A24E714A700AE233A /* DigestibleApp.app */,
				C7A3F48324E714AC00AE233A /* DigestibleAppTests.xctest */,
				C7A3F48E24E714AC00AE233A /* DigestibleAppUITests.xctest */,
			);
			name = Products;
			sourceTree = "<group>";
		};
		C7A3F46C24E714A700AE233A /* DigestibleApp */ = {
			isa = PBXGroup;
			children = (
				C7A3F46D24E714A700AE233A /* AppDelegate.swift */,
				C7A3F46F24E714A700AE233A /* SceneDelegate.swift */,
				C7A3F47424E714A700AE233A /* ContentView.swift */,
				C7C1C54224EE12BE002E4840 /* ContributionView.swift */,
				C7C1C54424EE2BB4002E4840 /* ProfileView.swift */,
				C74156FE24EC592400F8D993 /* ZCardView.swift */,
				C71209F424EEE7310058CBED /* CardView.swift */,
				C71209F624EEE8800058CBED /* Card.swift */,
				C7A3F47624E714AC00AE233A /* Assets.xcassets */,
				C7120A0024EF05920058CBED /* ArticleContainer.swift */,
				C71209F824EF053D0058CBED /* ImageContainer.swift */,
				C71209FE24EF057A0058CBED /* PageControl.swift */,
				C71209FA24EF05550058CBED /* PageView.swift */,
				C71209FC24EF05670058CBED /* PageViewController.swift */,
				C7A3F47B24E714AC00AE233A /* LaunchScreen.storyboard */,
				C7A3F47E24E714AC00AE233A /* Info.plist */,
				C7A3F47124E714A700AE233A /* DigestibleApp.xcdatamodeld */,
				C7A3F47824E714AC00AE233A /* Preview Content */,
			);
			path = DigestibleApp;
			sourceTree = "<group>";
		};
		C7A3F47824E714AC00AE233A /* Preview Content */ = {
			isa = PBXGroup;
			children = (
				C7A3F47924E714AC00AE233A /* Preview Assets.xcassets */,
			);
			path = "Preview Content";
			sourceTree = "<group>";
		};
		C7A3F48624E714AC00AE233A /* DigestibleAppTests */ = {
			isa = PBXGroup;
			children = (
				C7A3F48724E714AC00AE233A /* DigestibleAppTests.swift */,
				C7A3F48924E714AC00AE233A /* Info.plist */,
			);
			path = DigestibleAppTests;
			sourceTree = "<group>";
		};
		C7A3F49124E714AC00AE233A /* DigestibleAppUITests */ = {
			isa = PBXGroup;
			children = (
				C7A3F49224E714AC00AE233A /* DigestibleAppUITests.swift */,
				C7A3F49424E714AC00AE233A /* Info.plist */,
			);
			path = DigestibleAppUITests;
			sourceTree = "<group>";
		};
/* End PBXGroup section */

/* Begin PBXNativeTarget section */
		C7A3F46924E714A700AE233A /* DigestibleApp */ = {
			isa = PBXNativeTarget;
			buildConfigurationList = C7A3F49724E714AC00AE233A /* Build configuration list for PBXNativeTarget "DigestibleApp" */;
			buildPhases = (
				C7A3F46624E714A700AE233A /* Sources */,
				C7A3F46724E714A700AE233A /* Frameworks */,
				C7A3F46824E714A700AE233A /* Resources */,
			);
			buildRules = (
			);
			dependencies = (
			);
			name = DigestibleApp;
			productName = DigestibleApp;
			productReference = C7A3F46A24E714A700AE233A /* DigestibleApp.app */;
			productType = "com.apple.product-type.application";
		};
		C7A3F48224E714AC00AE233A /* DigestibleAppTests */ = {
			isa = PBXNativeTarget;
			buildConfigurationList = C7A3F49A24E714AC00AE233A /* Build configuration list for PBXNativeTarget "DigestibleAppTests" */;
			buildPhases = (
				C7A3F47F24E714AC00AE233A /* Sources */,
				C7A3F48024E714AC00AE233A /* Frameworks */,
				C7A3F48124E714AC00AE233A /* Resources */,
			);
			buildRules = (
			);
			dependencies = (
				C7A3F48524E714AC00AE233A /* PBXTargetDependency */,
			);
			name = DigestibleAppTests;
			productName = DigestibleAppTests;
			productReference = C7A3F48324E714AC00AE233A /* DigestibleAppTests.xctest */;
			productType = "com.apple.product-type.bundle.unit-test";
		};
		C7A3F48D24E714AC00AE233A /* DigestibleAppUITests */ = {
			isa = PBXNativeTarget;
			buildConfigurationList = C7A3F49D24E714AC00AE233A /* Build configuration list for PBXNativeTarget "DigestibleAppUITests" */;
			buildPhases = (
				C7A3F48A24E714AC00AE233A /* Sources */,
				C7A3F48B24E714AC00AE233A /* Frameworks */,
				C7A3F48C24E714AC00AE233A /* Resources */,
			);
			buildRules = (
			);
			dependencies = (
				C7A3F49024E714AC00AE233A /* PBXTargetDependency */,
			);
			name = DigestibleAppUITests;
			productName = DigestibleAppUITests;
			productReference = C7A3F48E24E714AC00AE233A /* DigestibleAppUITests.xctest */;
			productType = "com.apple.product-type.bundle.ui-testing";
		};
/* End PBXNativeTarget section */

/* Begin PBXProject section */
		C7A3F46224E714A700AE233A /* Project object */ = {
			isa = PBXProject;
			attributes = {
				LastSwiftUpdateCheck = 1150;
				LastUpgradeCheck = 1150;
				ORGANIZATIONNAME = "Noel Thomas";
				TargetAttributes = {
					C7A3F46924E714A700AE233A = {
						CreatedOnToolsVersion = 11.5;
					};
					C7A3F48224E714AC00AE233A = {
						CreatedOnToolsVersion = 11.5;
						TestTargetID = C7A3F46924E714A700AE233A;
					};
					C7A3F48D24E714AC00AE233A = {
						CreatedOnToolsVersion = 11.5;
						TestTargetID = C7A3F46924E714A700AE233A;
					};
				};
			};
			buildConfigurationList = C7A3F46524E714A700AE233A /* Build configuration list for PBXProject "DigestibleApp" */;
			compatibilityVersion = "Xcode 9.3";
			developmentRegion = en;
			hasScannedForEncodings = 0;
			knownRegions = (
				en,
				Base,
			);
			mainGroup = C7A3F46124E714A700AE233A;
			productRefGroup = C7A3F46B24E714A700AE233A /* Products */;
			projectDirPath = "";
			projectRoot = "";
			targets = (
				C7A3F46924E714A700AE233A /* DigestibleApp */,
				C7A3F48224E714AC00AE233A /* DigestibleAppTests */,
				C7A3F48D24E714AC00AE233A /* DigestibleAppUITests */,
			);
		};
/* End PBXProject section */

/* Begin PBXResourcesBuildPhase section */
		C7A3F46824E714A700AE233A /* Resources */ = {
			isa = PBXResourcesBuildPhase;
			buildActionMask = 2147483647;
			files = (
				C7A3F47D24E714AC00AE233A /* LaunchScreen.storyboard in Resources */,
				C7A3F47A24E714AC00AE233A /* Preview Assets.xcassets in Resources */,
				C7A3F47724E714AC00AE233A /* Assets.xcassets in Resources */,
			);
			runOnlyForDeploymentPostprocessing = 0;
		};
		C7A3F48124E714AC00AE233A /* Resources */ = {
			isa = PBXResourcesBuildPhase;
			buildActionMask = 2147483647;
			files = (
			);
			runOnlyForDeploymentPostprocessing = 0;
		};
		C7A3F48C24E714AC00AE233A /* Resources */ = {
			isa = PBXResourcesBuildPhase;
			buildActionMask = 2147483647;
			files = (
			);
			runOnlyForDeploymentPostprocessing = 0;
		};
/* End PBXResourcesBuildPhase section */

/* Begin PBXSourcesBuildPhase section */
		C7A3F46624E714A700AE233A /* Sources */ = {
			isa = PBXSourcesBuildPhase;
			buildActionMask = 2147483647;
			files = (
				C7C1C54324EE12BE002E4840 /* ContributionView.swift in Sources */,
				C71209F724EEE8800058CBED /* Card.swift in Sources */,
				C7A3F47324E714A700AE233A /* DigestibleApp.xcdatamodeld in Sources */,
				C71209FF24EF057A0058CBED /* PageControl.swift in Sources */,
				C71209FD24EF05670058CBED /* PageViewController.swift in Sources */,
				C7A3F46E24E714A700AE233A /* AppDelegate.swift in Sources */,
				C7A3F47524E714A700AE233A /* ContentView.swift in Sources */,
				C74156FF24EC592400F8D993 /* ZCardView.swift in Sources */,
				C7C1C54524EE2BB4002E4840 /* ProfileView.swift in Sources */,
				C71209F924EF053D0058CBED /* ImageContainer.swift in Sources */,
				C71209FB24EF05550058CBED /* PageView.swift in Sources */,
				C71209F524EEE7310058CBED /* CardView.swift in Sources */,
				C7120A0124EF05920058CBED /* ArticleContainer.swift in Sources */,
				C7A3F47024E714A700AE233A /* SceneDelegate.swift in Sources */,
			);
			runOnlyForDeploymentPostprocessing = 0;
		};
		C7A3F47F24E714AC00AE233A /* Sources */ = {
			isa = PBXSourcesBuildPhase;
			buildActionMask = 2147483647;
			files = (
				C7A3F48824E714AC00AE233A /* DigestibleAppTests.swift in Sources */,
			);
			runOnlyForDeploymentPostprocessing = 0;
		};
		C7A3F48A24E714AC00AE233A /* Sources */ = {
			isa = PBXSourcesBuildPhase;
			buildActionMask = 2147483647;
			files = (
				C7A3F49324E714AC00AE233A /* DigestibleAppUITests.swift in Sources */,
			);
			runOnlyForDeploymentPostprocessing = 0;
		};
/* End PBXSourcesBuildPhase section */

/* Begin PBXTargetDependency section */
		C7A3F48524E714AC00AE233A /* PBXTargetDependency */ = {
			isa = PBXTargetDependency;
			target = C7A3F46924E714A700AE233A /* DigestibleApp */;
			targetProxy = C7A3F48424E714AC00AE233A /* PBXContainerItemProxy */;
		};
		C7A3F49024E714AC00AE233A /* PBXTargetDependency */ = {
			isa = PBXTargetDependency;
			target = C7A3F46924E714A700AE233A /* DigestibleApp */;
			targetProxy = C7A3F48F24E714AC00AE233A /* PBXContainerItemProxy */;
		};
/* End PBXTargetDependency section */

/* Begin PBXVariantGroup section */
		C7A3F47B24E714AC00AE233A /* LaunchScreen.storyboard */ = {
			isa = PBXVariantGroup;
			children = (
				C7A3F47C24E714AC00AE233A /* Base */,
			);
			name = LaunchScreen.storyboard;
			sourceTree = "<group>";
		};
/* End PBXVariantGroup section */

/* Begin XCBuildConfiguration section */
		C7A3F49524E714AC00AE233A /* Debug */ = {
			isa = XCBuildConfiguration;
			buildSettings = {
				ALWAYS_SEARCH_USER_PATHS = NO;
				CLANG_ANALYZER_NONNULL = YES;
				CLANG_ANALYZER_NUMBER_OBJECT_CONVERSION = YES_AGGRESSIVE;
				CLANG_CXX_LANGUAGE_STANDARD = "gnu++14";
				CLANG_CXX_LIBRARY = "libc++";
				CLANG_ENABLE_MODULES = YES;
				CLANG_ENABLE_OBJC_ARC = YES;
				CLANG_ENABLE_OBJC_WEAK = YES;
				CLANG_WARN_BLOCK_CAPTURE_AUTORELEASING = YES;
				CLANG_WARN_BOOL_CONVERSION = YES;
				CLANG_WARN_COMMA = YES;
				CLANG_WARN_CONSTANT_CONVERSION = YES;
				CLANG_WARN_DEPRECATED_OBJC_IMPLEMENTATIONS = YES;
				CLANG_WARN_DIRECT_OBJC_ISA_USAGE = YES_ERROR;
				CLANG_WARN_DOCUMENTATION_COMMENTS = YES;
				CLANG_WARN_EMPTY_BODY = YES;
				CLANG_WARN_ENUM_CONVERSION = YES;
				CLANG_WARN_INFINITE_RECURSION = YES;
				CLANG_WARN_INT_CONVERSION = YES;
				CLANG_WARN_NON_LITERAL_NULL_CONVERSION = YES;
				CLANG_WARN_OBJC_IMPLICIT_RETAIN_SELF = YES;
				CLANG_WARN_OBJC_LITERAL_CONVERSION = YES;
				CLANG_WARN_OBJC_ROOT_CLASS = YES_ERROR;
				CLANG_WARN_RANGE_LOOP_ANALYSIS = YES;
				CLANG_WARN_STRICT_PROTOTYPES = YES;
				CLANG_WARN_SUSPICIOUS_MOVE = YES;
				CLANG_WARN_UNGUARDED_AVAILABILITY = YES_AGGRESSIVE;
				CLANG_WARN_UNREACHABLE_CODE = YES;
				CLANG_WARN__DUPLICATE_METHOD_MATCH = YES;
				COPY_PHASE_STRIP = NO;
				DEBUG_INFORMATION_FORMAT = dwarf;
				ENABLE_STRICT_OBJC_MSGSEND = YES;
				ENABLE_TESTABILITY = YES;
				GCC_C_LANGUAGE_STANDARD = gnu11;
				GCC_DYNAMIC_NO_PIC = NO;
				GCC_NO_COMMON_BLOCKS = YES;
				GCC_OPTIMIZATION_LEVEL = 0;
				GCC_PREPROCESSOR_DEFINITIONS = (
					"DEBUG=1",
					"$(inherited)",
				);
				GCC_WARN_64_TO_32_BIT_CONVERSION = YES;
				GCC_WARN_ABOUT_RETURN_TYPE = YES_ERROR;
				GCC_WARN_UNDECLARED_SELECTOR = YES;
				GCC_WARN_UNINITIALIZED_AUTOS = YES_AGGRESSIVE;
				GCC_WARN_UNUSED_FUNCTION = YES;
				GCC_WARN_UNUSED_VARIABLE = YES;
				IPHONEOS_DEPLOYMENT_TARGET = 13.5;
				MTL_ENABLE_DEBUG_INFO = INCLUDE_SOURCE;
				MTL_FAST_MATH = YES;
				ONLY_ACTIVE_ARCH = YES;
				SDKROOT = iphoneos;
				SWIFT_ACTIVE_COMPILATION_CONDITIONS = DEBUG;
				SWIFT_OPTIMIZATION_LEVEL = "-Onone";
			};
			name = Debug;
		};
		C7A3F49624E714AC00AE233A /* Release */ = {
			isa = XCBuildConfiguration;
			buildSettings = {
				ALWAYS_SEARCH_USER_PATHS = NO;
				CLANG_ANALYZER_NONNULL = YES;
				CLANG_ANALYZER_NUMBER_OBJECT_CONVERSION = YES_AGGRESSIVE;
				CLANG_CXX_LANGUAGE_STANDARD = "gnu++14";
				CLANG_CXX_LIBRARY = "libc++";
				CLANG_ENABLE_MODULES = YES;
				CLANG_ENABLE_OBJC_ARC = YES;
				CLANG_ENABLE_OBJC_WEAK = YES;
				CLANG_WARN_BLOCK_CAPTURE_AUTORELEASING = YES;
				CLANG_WARN_BOOL_CONVERSION = YES;
				CLANG_WARN_COMMA = YES;
				CLANG_WARN_CONSTANT_CONVERSION = YES;
				CLANG_WARN_DEPRECATED_OBJC_IMPLEMENTATIONS = YES;
				CLANG_WARN_DIRECT_OBJC_ISA_USAGE = YES_ERROR;
				CLANG_WARN_DOCUMENTATION_COMMENTS = YES;
				CLANG_WARN_EMPTY_BODY = YES;
				CLANG_WARN_ENUM_CONVERSION = YES;
				CLANG_WARN_INFINITE_RECURSION = YES;
				CLANG_WARN_INT_CONVERSION = YES;
				CLANG_WARN_NON_LITERAL_NULL_CONVERSION = YES;
				CLANG_WARN_OBJC_IMPLICIT_RETAIN_SELF = YES;
				CLANG_WARN_OBJC_LITERAL_CONVERSION = YES;
				CLANG_WARN_OBJC_ROOT_CLASS = YES_ERROR;
				CLANG_WARN_RANGE_LOOP_ANALYSIS = YES;
				CLANG_WARN_STRICT_PROTOTYPES = YES;
				CLANG_WARN_SUSPICIOUS_MOVE = YES;
				CLANG_WARN_UNGUARDED_AVAILABILITY = YES_AGGRESSIVE;
				CLANG_WARN_UNREACHABLE_CODE = YES;
				CLANG_WARN__DUPLICATE_METHOD_MATCH = YES;
				COPY_PHASE_STRIP = NO;
				DEBUG_INFORMATION_FORMAT = "dwarf-with-dsym";
				ENABLE_NS_ASSERTIONS = NO;
				ENABLE_STRICT_OBJC_MSGSEND = YES;
				GCC_C_LANGUAGE_STANDARD = gnu11;
				GCC_NO_COMMON_BLOCKS = YES;
				GCC_WARN_64_TO_32_BIT_CONVERSION = YES;
				GCC_WARN_ABOUT_RETURN_TYPE = YES_ERROR;
				GCC_WARN_UNDECLARED_SELECTOR = YES;
				GCC_WARN_UNINITIALIZED_AUTOS = YES_AGGRESSIVE;
				GCC_WARN_UNUSED_FUNCTION = YES;
				GCC_WARN_UNUSED_VARIABLE = YES;
				IPHONEOS_DEPLOYMENT_TARGET = 13.5;
				MTL_ENABLE_DEBUG_INFO = NO;
				MTL_FAST_MATH = YES;
				SDKROOT = iphoneos;
				SWIFT_COMPILATION_MODE = wholemodule;
				SWIFT_OPTIMIZATION_LEVEL = "-O";
				VALIDATE_PRODUCT = YES;
			};
			name = Release;
		};
		C7A3F49824E714AC00AE233A /* Debug */ = {
			isa = XCBuildConfiguration;
			buildSettings = {
				ASSETCATALOG_COMPILER_APPICON_NAME = AppIcon;
				CODE_SIGN_STYLE = Automatic;
				DEVELOPMENT_ASSET_PATHS = "\"DigestibleApp/Preview Content\"";
				DEVELOPMENT_TEAM = 8XXC4X2M37;
				ENABLE_PREVIEWS = YES;
				INFOPLIST_FILE = DigestibleApp/Info.plist;
				LD_RUNPATH_SEARCH_PATHS = (
					"$(inherited)",
					"@executable_path/Frameworks",
				);
				PRODUCT_BUNDLE_IDENTIFIER = Noel.DigestibleApp;
				PRODUCT_NAME = "$(TARGET_NAME)";
				SWIFT_VERSION = 5.0;
				TARGETED_DEVICE_FAMILY = "1,2";
			};
			name = Debug;
		};
		C7A3F49924E714AC00AE233A /* Release */ = {
			isa = XCBuildConfiguration;
			buildSettings = {
				ASSETCATALOG_COMPILER_APPICON_NAME = AppIcon;
				CODE_SIGN_STYLE = Automatic;
				DEVELOPMENT_ASSET_PATHS = "\"DigestibleApp/Preview Content\"";
				DEVELOPMENT_TEAM = 8XXC4X2M37;
				ENABLE_PREVIEWS = YES;
				INFOPLIST_FILE = DigestibleApp/Info.plist;
				LD_RUNPATH_SEARCH_PATHS = (
					"$(inherited)",
					"@executable_path/Frameworks",
				);
				PRODUCT_BUNDLE_IDENTIFIER = Noel.DigestibleApp;
				PRODUCT_NAME = "$(TARGET_NAME)";
				SWIFT_VERSION = 5.0;
				TARGETED_DEVICE_FAMILY = "1,2";
			};
			name = Release;
		};
		C7A3F49B24E714AC00AE233A /* Debug */ = {
			isa = XCBuildConfiguration;
			buildSettings = {
				ALWAYS_EMBED_SWIFT_STANDARD_LIBRARIES = YES;
				BUNDLE_LOADER = "$(TEST_HOST)";
				CODE_SIGN_STYLE = Automatic;
				DEVELOPMENT_TEAM = 8XXC4X2M37;
				INFOPLIST_FILE = DigestibleAppTests/Info.plist;
				IPHONEOS_DEPLOYMENT_TARGET = 13.5;
				LD_RUNPATH_SEARCH_PATHS = (
					"$(inherited)",
					"@executable_path/Frameworks",
					"@loader_path/Frameworks",
				);
				PRODUCT_BUNDLE_IDENTIFIER = Noel.DigestibleAppTests;
				PRODUCT_NAME = "$(TARGET_NAME)";
				SWIFT_VERSION = 5.0;
				TARGETED_DEVICE_FAMILY = "1,2";
				TEST_HOST = "$(BUILT_PRODUCTS_DIR)/DigestibleApp.app/DigestibleApp";
			};
			name = Debug;
		};
		C7A3F49C24E714AC00AE233A /* Release */ = {
			isa = XCBuildConfiguration;
			buildSettings = {
				ALWAYS_EMBED_SWIFT_STANDARD_LIBRARIES = YES;
				BUNDLE_LOADER = "$(TEST_HOST)";
				CODE_SIGN_STYLE = Automatic;
				DEVELOPMENT_TEAM = 8XXC4X2M37;
				INFOPLIST_FILE = DigestibleAppTests/Info.plist;
				IPHONEOS_DEPLOYMENT_TARGET = 13.5;
				LD_RUNPATH_SEARCH_PATHS = (
					"$(inherited)",
					"@executable_path/Frameworks",
					"@loader_path/Frameworks",
				);
				PRODUCT_BUNDLE_IDENTIFIER = Noel.DigestibleAppTests;
				PRODUCT_NAME = "$(TARGET_NAME)";
				SWIFT_VERSION = 5.0;
				TARGETED_DEVICE_FAMILY = "1,2";
				TEST_HOST = "$(BUILT_PRODUCTS_DIR)/DigestibleApp.app/DigestibleApp";
			};
			name = Release;
		};
		C7A3F49E24E714AC00AE233A /* Debug */ = {
			isa = XCBuildConfiguration;
			buildSettings = {
				ALWAYS_EMBED_SWIFT_STANDARD_LIBRARIES = YES;
				CODE_SIGN_STYLE = Automatic;
				DEVELOPMENT_TEAM = 8XXC4X2M37;
				INFOPLIST_FILE = DigestibleAppUITests/Info.plist;
				LD_RUNPATH_SEARCH_PATHS = (
					"$(inherited)",
					"@executable_path/Frameworks",
					"@loader_path/Frameworks",
				);
				PRODUCT_BUNDLE_IDENTIFIER = Noel.DigestibleAppUITests;
				PRODUCT_NAME = "$(TARGET_NAME)";
				SWIFT_VERSION = 5.0;
				TARGETED_DEVICE_FAMILY = "1,2";
				TEST_TARGET_NAME = DigestibleApp;
			};
			name = Debug;
		};
		C7A3F49F24E714AC00AE233A /* Release */ = {
			isa = XCBuildConfiguration;
			buildSettings = {
				ALWAYS_EMBED_SWIFT_STANDARD_LIBRARIES = YES;
				CODE_SIGN_STYLE = Automatic;
				DEVELOPMENT_TEAM = 8XXC4X2M37;
				INFOPLIST_FILE = DigestibleAppUITests/Info.plist;
				LD_RUNPATH_SEARCH_PATHS = (
					"$(inherited)",
					"@executable_path/Frameworks",
					"@loader_path/Frameworks",
				);
				PRODUCT_BUNDLE_IDENTIFIER = Noel.DigestibleAppUITests;
				PRODUCT_NAME = "$(TARGET_NAME)";
				SWIFT_VERSION = 5.0;
				TARGETED_DEVICE_FAMILY = "1,2";
				TEST_TARGET_NAME = DigestibleApp;
			};
			name = Release;
		};
/* End XCBuildConfiguration section */

/* Begin XCConfigurationList section */
		C7A3F46524E714A700AE233A /* Build configuration list for PBXProject "DigestibleApp" */ = {
			isa = XCConfigurationList;
			buildConfigurations = (
				C7A3F49524E714AC00AE233A /* Debug */,
				C7A3F49624E714AC00AE233A /* Release */,
			);
			defaultConfigurationIsVisible = 0;
			defaultConfigurationName = Release;
		};
		C7A3F49724E714AC00AE233A /* Build configuration list for PBXNativeTarget "DigestibleApp" */ = {
			isa = XCConfigurationList;
			buildConfigurations = (
				C7A3F49824E714AC00AE233A /* Debug */,
				C7A3F49924E714AC00AE233A /* Release */,
			);
			defaultConfigurationIsVisible = 0;
			defaultConfigurationName = Release;
		};
		C7A3F49A24E714AC00AE233A /* Build configuration list for PBXNativeTarget "DigestibleAppTests" */ = {
			isa = XCConfigurationList;
			buildConfigurations = (
				C7A3F49B24E714AC00AE233A /* Debug */,
				C7A3F49C24E714AC00AE233A /* Release */,
			);
			defaultConfigurationIsVisible = 0;
			defaultConfigurationName = Release;
		};
		C7A3F49D24E714AC00AE233A /* Build configuration list for PBXNativeTarget "DigestibleAppUITests" */ = {
			isa = XCConfigurationList;
			buildConfigurations = (
				C7A3F49E24E714AC00AE233A /* Debug */,
				C7A3F49F24E714AC00AE233A /* Release */,
			);
			defaultConfigurationIsVisible = 0;
			defaultConfigurationName = Release;
		};
/* End XCConfigurationList section */

/* Begin XCVersionGroup section */
		C7A3F47124E714A700AE233A /* DigestibleApp.xcdatamodeld */ = {
			isa = XCVersionGroup;
			children = (
				C7A3F47224E714A700AE233A /* DigestibleApp.xcdatamodel */,
			);
			currentVersion = C7A3F47224E714A700AE233A /* DigestibleApp.xcdatamodel */;
			path = DigestibleApp.xcdatamodeld;
			sourceTree = "<group>";
			versionGroupType = wrapper.xcdatamodel;
		};
/* End XCVersionGroup section */
	};
	rootObject = C7A3F46224E714A700AE233A /* Project object */;
}
